
Microsoft Visual Studio Solution File, Format Version 12.00
# Visual Studio Version 16
VisualStudioVersion = 16.0.31729.503
MinimumVisualStudioVersion = 10.0.40219.1
Project("{FAE04EC0-301F-11D3-BF4B-00C04F79EFBC}") = "AddressBookUsingAdo.Net", "AddressBookUsingAdo.Net\AddressBookUsingAdo.Net.csproj", "{D24D88E9-00E6-4FE9-B885-02065EA81E8D}"
EndProject
Global
	GlobalSection(SolutionConfigurationPlatforms) = preSolution
		Debug|Any CPU = Debug|Any CPU
		Release|Any CPU = Release|Any CPU
	EndGlobalSection
	GlobalSection(ProjectConfigurationPlatforms) = postSolution
		{D24D88E9-00E6-4FE9-B885-02065EA81E8D}.Debug|Any CPU.ActiveCfg = Debug|Any CPU
		{D24D88E9-00E6-4FE9-B885-02065EA81E8D}.Debug|Any CPU.Build.0 = Debug|Any CPU
		{D24D88E9-00E6-4FE9-B885-02065EA81E8D}.Release|Any CPU.ActiveCfg = Release|Any CPU
		{D24D88E9-00E6-4FE9-B885-02065EA81E8D}.Release|Any CPU.Build.0 = Release|Any CPU
	EndGlobalSection
	GlobalSection(SolutionProperties) = preSolution
		HideSolutionNode = FALSE
	EndGlobalSection
	GlobalSection(ExtensibilityGlobals) = postSolution
		SolutionGuid = {8975706E-B06C-4B3D-9736-EB3574BC9B58}
	EndGlobalSection
EndGlobal
